
Microsoft Visual Studio Solution File, Format Version 12.00
# Visual Studio Version 17
VisualStudioVersion = 17.4.33213.308
MinimumVisualStudioVersion = 10.0.40219.1
Project("{FAE04EC0-301F-11D3-BF4B-00C04F79EFBC}") = "DiscordAIO", "DiscordAIO\DiscordAIO.csproj", "{ACC39E35-FEB0-4F5B-99DD-AA2BC0C259F4}"
EndProject
Global
	GlobalSection(SolutionConfigurationPlatforms) = preSolution
		Debug|Any CPU = Debug|Any CPU
		Release|Any CPU = Release|Any CPU
	EndGlobalSection
	GlobalSection(ProjectConfigurationPlatforms) = postSolution
		{ACC39E35-FEB0-4F5B-99DD-AA2BC0C259F4}.Debug|Any CPU.ActiveCfg = Debug|Any CPU
		{ACC39E35-FEB0-4F5B-99DD-AA2BC0C259F4}.Debug|Any CPU.Build.0 = Debug|Any CPU
		{ACC39E35-FEB0-4F5B-99DD-AA2BC0C259F4}.Release|Any CPU.ActiveCfg = Release|Any CPU
		{ACC39E35-FEB0-4F5B-99DD-AA2BC0C259F4}.Release|Any CPU.Build.0 = Release|Any CPU
	EndGlobalSection
	GlobalSection(SolutionProperties) = preSolution
		HideSolutionNode = FALSE
	EndGlobalSection
	GlobalSection(ExtensibilityGlobals) = postSolution
		SolutionGuid = {F2D94299-D4CC-4B5A-8960-5BE8BC89297B}
	EndGlobalSection
EndGlobal
